
Microsoft Visual Studio Solution File, Format Version 12.00
# Visual Studio Version 17
VisualStudioVersion = 17.6.33801.468
MinimumVisualStudioVersion = 10.0.40219.1
Project("{8BC9CEB8-8B4A-11D0-8D11-00A0C91BC942}") = "MotoMoveTest", "MotoMoveTest.vcxproj", "{B18278A5-B5C2-4367-918B-80ECE7A78120}"
EndProject
Global
	GlobalSection(SolutionConfigurationPlatforms) = preSolution
		Debug|x64 = Debug|x64
		Debug|x86 = Debug|x86
		Release|x64 = Release|x64
		Release|x86 = Release|x86
	EndGlobalSection
	GlobalSection(ProjectConfigurationPlatforms) = postSolution
		{B18278A5-B5C2-4367-918B-80ECE7A78120}.Debug|x64.ActiveCfg = Debug|x64
		{B18278A5-B5C2-4367-918B-80ECE7A78120}.Debug|x64.Build.0 = Debug|x64
		{B18278A5-B5C2-4367-918B-80ECE7A78120}.Debug|x86.ActiveCfg = Debug|Win32
		{B18278A5-B5C2-4367-918B-80ECE7A78120}.Debug|x86.Build.0 = Debug|Win32
		{B18278A5-B5C2-4367-918B-80ECE7A78120}.Release|x64.ActiveCfg = Release|x64
		{B18278A5-B5C2-4367-918B-80ECE7A78120}.Release|x64.Build.0 = Release|x64
		{B18278A5-B5C2-4367-918B-80ECE7A78120}.Release|x86.ActiveCfg = Release|Win32
		{B18278A5-B5C2-4367-918B-80ECE7A78120}.Release|x86.Build.0 = Release|Win32
	EndGlobalSection
	GlobalSection(SolutionProperties) = preSolution
		HideSolutionNode = FALSE
	EndGlobalSection
	GlobalSection(ExtensibilityGlobals) = postSolution
		SolutionGuid = {59ADA850-4EF3-4CC0-840A-F8060191260B}
	EndGlobalSection
EndGlobal
